{
  "name": "fof-upload-qcloud",
  "lockfileVersion": 3,
  "requires": true,
  "packages": {
    "": {
      "dependencies": {
        "pdfobject": "^2.3.0"
      }
    },
    "node_modules/pdfobject": {
      "version": "2.3.0",
      "resolved": "https://registry.npmjs.org/pdfobject/-/pdfobject-2.3.0.tgz",
      "integrity": "sha512-w/9pXDXTDs3IDmOri/w8lM/w6LHR0/F4fcBLLzH+4csSoyshQ5su0TE7k0FLHZO7aOjVLDGecqd1M89+PVpVAA=="
    }
  }
}
